
Microsoft Visual Studio Solution File, Format Version 12.00
# Visual Studio Version 16
VisualStudioVersion = 16.0.31424.327
MinimumVisualStudioVersion = 10.0.40219.1
Project("{FAE04EC0-301F-11D3-BF4B-00C04F79EFBC}") = "Custom Suppliies mail order", "Custom Suppliies mail order\Custom Suppliies mail order.csproj", "{87E86D4C-6458-46CA-84EE-30B568246E2B}"
EndProject
Global
	GlobalSection(SolutionConfigurationPlatforms) = preSolution
		Debug|Any CPU = Debug|Any CPU
		Release|Any CPU = Release|Any CPU
	EndGlobalSection
	GlobalSection(ProjectConfigurationPlatforms) = postSolution
		{87E86D4C-6458-46CA-84EE-30B568246E2B}.Debug|Any CPU.ActiveCfg = Debug|Any CPU
		{87E86D4C-6458-46CA-84EE-30B568246E2B}.Debug|Any CPU.Build.0 = Debug|Any CPU
		{87E86D4C-6458-46CA-84EE-30B568246E2B}.Release|Any CPU.ActiveCfg = Release|Any CPU
		{87E86D4C-6458-46CA-84EE-30B568246E2B}.Release|Any CPU.Build.0 = Release|Any CPU
	EndGlobalSection
	GlobalSection(SolutionProperties) = preSolution
		HideSolutionNode = FALSE
	EndGlobalSection
	GlobalSection(ExtensibilityGlobals) = postSolution
		SolutionGuid = {52543100-35C1-4E6C-A3B9-14316C1863C8}
	EndGlobalSection
EndGlobal
